
Microsoft Visual Studio Solution File, Format Version 12.00
# Visual Studio Version 17
VisualStudioVersion = 17.14.36203.30 d17.14
MinimumVisualStudioVersion = 10.0.40219.1
Project("{FAE04EC0-301F-11D3-BF4B-00C04F79EFBC}") = "HiperMessageService", "HiperMessageService\HiperMessageService.csproj", "{B4C0F4FF-F2F8-4C2B-8B76-3E4B2865A3B3}"
EndProject
Global
	GlobalSection(SolutionConfigurationPlatforms) = preSolution
		Debug|Any CPU = Debug|Any CPU
		Release|Any CPU = Release|Any CPU
	EndGlobalSection
	GlobalSection(ProjectConfigurationPlatforms) = postSolution
		{B4C0F4FF-F2F8-4C2B-8B76-3E4B2865A3B3}.Debug|Any CPU.ActiveCfg = Debug|Any CPU
		{B4C0F4FF-F2F8-4C2B-8B76-3E4B2865A3B3}.Debug|Any CPU.Build.0 = Debug|Any CPU
		{B4C0F4FF-F2F8-4C2B-8B76-3E4B2865A3B3}.Release|Any CPU.ActiveCfg = Release|Any CPU
		{B4C0F4FF-F2F8-4C2B-8B76-3E4B2865A3B3}.Release|Any CPU.Build.0 = Release|Any CPU
	EndGlobalSection
	GlobalSection(SolutionProperties) = preSolution
		HideSolutionNode = FALSE
	EndGlobalSection
	GlobalSection(ExtensibilityGlobals) = postSolution
		SolutionGuid = {C994A972-FD42-43E6-A1F1-19651D126840}
	EndGlobalSection
EndGlobal
